
Microsoft Visual Studio Solution File, Format Version 12.00
# Visual Studio Version 17
VisualStudioVersion = 17.0.31808.319
MinimumVisualStudioVersion = 10.0.40219.1
Project("{9A19103F-16F7-4668-BE54-9A1E7A4F7556}") = "Api", "Api\Api.csproj", "{B3A5AFFA-5517-41E6-BAE2-C30558032DD9}"
EndProject
Project("{9A19103F-16F7-4668-BE54-9A1E7A4F7556}") = "Client", "Client\Client.csproj", "{52AF5162-0ED3-42DC-A246-39C57DBAA3C7}"
EndProject
Project("{9A19103F-16F7-4668-BE54-9A1E7A4F7556}") = "Shared", "Shared\Shared.csproj", "{3DC4D146-5318-4FB7-B96D-91E6DFD7AEBA}"
EndProject
Project("{2150E333-8FDC-42A3-9474-1A3956D46DE8}") = "Solution Items", "Solution Items", "{EA3AF9BE-1E57-47A3-91C3-1089EA303E54}"
	ProjectSection(SolutionItems) = preProject
		.filenesting.json = .filenesting.json
		.gitignore = .gitignore
		README.md = README.md
	EndProjectSection
EndProject
Project("{2150E333-8FDC-42A3-9474-1A3956D46DE8}") = "Test", "Test", "{2C65DA2B-794A-4EF7-938C-5629AC26B2E3}"
EndProject
Project("{9A19103F-16F7-4668-BE54-9A1E7A4F7556}") = "Integration", "Tests\Integration\Integration.csproj", "{BEF6F3B3-C4F6-4B54-B917-D95606EFA5D4}"
EndProject
Project("{2150E333-8FDC-42A3-9474-1A3956D46DE8}") = "WWW", "WWW", "{E3BA67BC-4138-457E-94F6-BFC8665DF812}"
EndProject
Project("{2150E333-8FDC-42A3-9474-1A3956D46DE8}") = "IoT", "IoT", "{42BA5E1D-CCE2-4861-A41D-177597CD9C6A}"
EndProject
Project("{9A19103F-16F7-4668-BE54-9A1E7A4F7556}") = "Agent", "Agent\Agent.csproj", "{E0FA4E4C-3FFC-4A44-BE83-E5FFA4CD0A31}"
EndProject
Project("{2150E333-8FDC-42A3-9474-1A3956D46DE8}") = "media", "media", "{A16582D6-6AC7-439A-AAF0-4924309CDC8F}"
	ProjectSection(SolutionItems) = preProject
		media\20210926_135807.jpg = media\20210926_135807.jpg
		media\20210926_142045.jpg = media\20210926_142045.jpg
		media\20211107_152642.jpg = media\20211107_152642.jpg
		media\20211107_153926.jpg = media\20211107_153926.jpg
		media\pi-01_bb.png = media\pi-01_bb.png
	EndProjectSection
EndProject
Global
	GlobalSection(SolutionConfigurationPlatforms) = preSolution
		Debug|Any CPU = Debug|Any CPU
		Release|Any CPU = Release|Any CPU
	EndGlobalSection
	GlobalSection(ProjectConfigurationPlatforms) = postSolution
		{B3A5AFFA-5517-41E6-BAE2-C30558032DD9}.Debug|Any CPU.ActiveCfg = Debug|Any CPU
		{B3A5AFFA-5517-41E6-BAE2-C30558032DD9}.Debug|Any CPU.Build.0 = Debug|Any CPU
		{B3A5AFFA-5517-41E6-BAE2-C30558032DD9}.Release|Any CPU.ActiveCfg = Release|Any CPU
		{B3A5AFFA-5517-41E6-BAE2-C30558032DD9}.Release|Any CPU.Build.0 = Release|Any CPU
		{52AF5162-0ED3-42DC-A246-39C57DBAA3C7}.Debug|Any CPU.ActiveCfg = Debug|Any CPU
		{52AF5162-0ED3-42DC-A246-39C57DBAA3C7}.Debug|Any CPU.Build.0 = Debug|Any CPU
		{52AF5162-0ED3-42DC-A246-39C57DBAA3C7}.Release|Any CPU.ActiveCfg = Release|Any CPU
		{52AF5162-0ED3-42DC-A246-39C57DBAA3C7}.Release|Any CPU.Build.0 = Release|Any CPU
		{3DC4D146-5318-4FB7-B96D-91E6DFD7AEBA}.Debug|Any CPU.ActiveCfg = Debug|Any CPU
		{3DC4D146-5318-4FB7-B96D-91E6DFD7AEBA}.Debug|Any CPU.Build.0 = Debug|Any CPU
		{3DC4D146-5318-4FB7-B96D-91E6DFD7AEBA}.Release|Any CPU.ActiveCfg = Release|Any CPU
		{3DC4D146-5318-4FB7-B96D-91E6DFD7AEBA}.Release|Any CPU.Build.0 = Release|Any CPU
		{BEF6F3B3-C4F6-4B54-B917-D95606EFA5D4}.Debug|Any CPU.ActiveCfg = Debug|Any CPU
		{BEF6F3B3-C4F6-4B54-B917-D95606EFA5D4}.Debug|Any CPU.Build.0 = Debug|Any CPU
		{BEF6F3B3-C4F6-4B54-B917-D95606EFA5D4}.Release|Any CPU.ActiveCfg = Release|Any CPU
		{BEF6F3B3-C4F6-4B54-B917-D95606EFA5D4}.Release|Any CPU.Build.0 = Release|Any CPU
		{E0FA4E4C-3FFC-4A44-BE83-E5FFA4CD0A31}.Debug|Any CPU.ActiveCfg = Debug|Any CPU
		{E0FA4E4C-3FFC-4A44-BE83-E5FFA4CD0A31}.Debug|Any CPU.Build.0 = Debug|Any CPU
		{E0FA4E4C-3FFC-4A44-BE83-E5FFA4CD0A31}.Release|Any CPU.ActiveCfg = Release|Any CPU
		{E0FA4E4C-3FFC-4A44-BE83-E5FFA4CD0A31}.Release|Any CPU.Build.0 = Release|Any CPU
	EndGlobalSection
	GlobalSection(SolutionProperties) = preSolution
		HideSolutionNode = FALSE
	EndGlobalSection
	GlobalSection(NestedProjects) = preSolution
		{B3A5AFFA-5517-41E6-BAE2-C30558032DD9} = {E3BA67BC-4138-457E-94F6-BFC8665DF812}
		{52AF5162-0ED3-42DC-A246-39C57DBAA3C7} = {E3BA67BC-4138-457E-94F6-BFC8665DF812}
		{BEF6F3B3-C4F6-4B54-B917-D95606EFA5D4} = {2C65DA2B-794A-4EF7-938C-5629AC26B2E3}
		{E0FA4E4C-3FFC-4A44-BE83-E5FFA4CD0A31} = {42BA5E1D-CCE2-4861-A41D-177597CD9C6A}
		{A16582D6-6AC7-439A-AAF0-4924309CDC8F} = {EA3AF9BE-1E57-47A3-91C3-1089EA303E54}
	EndGlobalSection
	GlobalSection(ExtensibilityGlobals) = postSolution
		SolutionGuid = {F29999CD-3C9D-4894-8F10-4372E1347DF7}
	EndGlobalSection
EndGlobal
